
Microsoft Visual Studio Solution File, Format Version 11.00
# Visual C# Express 2010
Project("{FAE04EC0-301F-11D3-BF4B-00C04F79EFBC}") = "FileVersion", "FileVersion\FileVersion.csproj", "{CE559214-4465-497B-AFF5-2CD1193BF877}"
EndProject
Project("{FAE04EC0-301F-11D3-BF4B-00C04F79EFBC}") = "FileVersion.Test", "FileVersion.Test\FileVersion.Test.csproj", "{500F51CA-7A24-4B23-8F5A-78A3C2F3BD73}"
EndProject
Global
	GlobalSection(SolutionConfigurationPlatforms) = preSolution
		Debug|Any CPU = Debug|Any CPU
		Debug|Mixed Platforms = Debug|Mixed Platforms
		Debug|x86 = Debug|x86
		Release|Any CPU = Release|Any CPU
		Release|Mixed Platforms = Release|Mixed Platforms
		Release|x86 = Release|x86
	EndGlobalSection
	GlobalSection(ProjectConfigurationPlatforms) = postSolution
		{CE559214-4465-497B-AFF5-2CD1193BF877}.Debug|Any CPU.ActiveCfg = Debug|x86
		{CE559214-4465-497B-AFF5-2CD1193BF877}.Debug|Mixed Platforms.ActiveCfg = Debug|x86
		{CE559214-4465-497B-AFF5-2CD1193BF877}.Debug|Mixed Platforms.Build.0 = Debug|x86
		{CE559214-4465-497B-AFF5-2CD1193BF877}.Debug|x86.ActiveCfg = Debug|x86
		{CE559214-4465-497B-AFF5-2CD1193BF877}.Debug|x86.Build.0 = Debug|x86
		{CE559214-4465-497B-AFF5-2CD1193BF877}.Release|Any CPU.ActiveCfg = Release|Any CPU
		{CE559214-4465-497B-AFF5-2CD1193BF877}.Release|Any CPU.Build.0 = Release|Any CPU
		{CE559214-4465-497B-AFF5-2CD1193BF877}.Release|Mixed Platforms.ActiveCfg = Release|Any CPU
		{CE559214-4465-497B-AFF5-2CD1193BF877}.Release|Mixed Platforms.Build.0 = Release|Any CPU
		{CE559214-4465-497B-AFF5-2CD1193BF877}.Release|x86.ActiveCfg = Release|x86
		{CE559214-4465-497B-AFF5-2CD1193BF877}.Release|x86.Build.0 = Release|x86
		{500F51CA-7A24-4B23-8F5A-78A3C2F3BD73}.Debug|Any CPU.ActiveCfg = Debug|Any CPU
		{500F51CA-7A24-4B23-8F5A-78A3C2F3BD73}.Debug|Any CPU.Build.0 = Debug|Any CPU
		{500F51CA-7A24-4B23-8F5A-78A3C2F3BD73}.Debug|Mixed Platforms.ActiveCfg = Debug|Any CPU
		{500F51CA-7A24-4B23-8F5A-78A3C2F3BD73}.Debug|Mixed Platforms.Build.0 = Debug|Any CPU
		{500F51CA-7A24-4B23-8F5A-78A3C2F3BD73}.Debug|x86.ActiveCfg = Debug|Any CPU
		{500F51CA-7A24-4B23-8F5A-78A3C2F3BD73}.Release|Any CPU.ActiveCfg = Release|Any CPU
		{500F51CA-7A24-4B23-8F5A-78A3C2F3BD73}.Release|Any CPU.Build.0 = Release|Any CPU
		{500F51CA-7A24-4B23-8F5A-78A3C2F3BD73}.Release|Mixed Platforms.ActiveCfg = Release|Any CPU
		{500F51CA-7A24-4B23-8F5A-78A3C2F3BD73}.Release|Mixed Platforms.Build.0 = Release|Any CPU
		{500F51CA-7A24-4B23-8F5A-78A3C2F3BD73}.Release|x86.ActiveCfg = Release|Any CPU
	EndGlobalSection
	GlobalSection(SolutionProperties) = preSolution
		HideSolutionNode = FALSE
	EndGlobalSection
EndGlobal
